
Microsoft Visual Studio Solution File, Format Version 12.00
# Visual Studio Version 16
VisualStudioVersion = 16.0.29418.71
MinimumVisualStudioVersion = 10.0.40219.1
Project("{FAE04EC0-301F-11D3-BF4B-00C04F79EFBC}") = "IPredict APP", "IPredict APP\IPredict APP.csproj", "{7FD6265F-7062-4E79-B660-FF4C193EF5B5}"
EndProject
Global
	GlobalSection(SolutionConfigurationPlatforms) = preSolution
		Debug|Any CPU = Debug|Any CPU
		Release|Any CPU = Release|Any CPU
	EndGlobalSection
	GlobalSection(ProjectConfigurationPlatforms) = postSolution
		{7FD6265F-7062-4E79-B660-FF4C193EF5B5}.Debug|Any CPU.ActiveCfg = Debug|Any CPU
		{7FD6265F-7062-4E79-B660-FF4C193EF5B5}.Debug|Any CPU.Build.0 = Debug|Any CPU
		{7FD6265F-7062-4E79-B660-FF4C193EF5B5}.Release|Any CPU.ActiveCfg = Release|Any CPU
		{7FD6265F-7062-4E79-B660-FF4C193EF5B5}.Release|Any CPU.Build.0 = Release|Any CPU
	EndGlobalSection
	GlobalSection(SolutionProperties) = preSolution
		HideSolutionNode = FALSE
	EndGlobalSection
	GlobalSection(ExtensibilityGlobals) = postSolution
		SolutionGuid = {7319B3B1-1DF7-4E62-A91A-CAB674BB9042}
	EndGlobalSection
EndGlobal
